
Microsoft Visual Studio Solution File, Format Version 12.00
# Visual Studio Version 16
VisualStudioVersion = 16.0.31321.278
MinimumVisualStudioVersion = 10.0.40219.1
Project("{FAE04EC0-301F-11D3-BF4B-00C04F79EFBC}") = "TestApp", "TestApp\TestApp.csproj", "{BF77710B-81A6-4F79-9608-B9D8A7C2DF55}"
EndProject
Global
	GlobalSection(SolutionConfigurationPlatforms) = preSolution
		Debug|Any CPU = Debug|Any CPU
		Release|Any CPU = Release|Any CPU
	EndGlobalSection
	GlobalSection(ProjectConfigurationPlatforms) = postSolution
		{BF77710B-81A6-4F79-9608-B9D8A7C2DF55}.Debug|Any CPU.ActiveCfg = Debug|Any CPU
		{BF77710B-81A6-4F79-9608-B9D8A7C2DF55}.Debug|Any CPU.Build.0 = Debug|Any CPU
		{BF77710B-81A6-4F79-9608-B9D8A7C2DF55}.Release|Any CPU.ActiveCfg = Release|Any CPU
		{BF77710B-81A6-4F79-9608-B9D8A7C2DF55}.Release|Any CPU.Build.0 = Release|Any CPU
	EndGlobalSection
	GlobalSection(SolutionProperties) = preSolution
		HideSolutionNode = FALSE
	EndGlobalSection
	GlobalSection(ExtensibilityGlobals) = postSolution
		SolutionGuid = {D42E46BA-4BE0-4971-ADDF-4D22BFD6F2C8}
	EndGlobalSection
EndGlobal
